
Microsoft Visual Studio Solution File, Format Version 12.00
# Visual Studio 15
VisualStudioVersion = 15.0.28307.852
MinimumVisualStudioVersion = 10.0.40219.1
Project("{FAE04EC0-301F-11D3-BF4B-00C04F79EFBC}") = "OOPBasicApp", "OOPBasicApp\OOPBasicApp.csproj", "{2754FF15-534C-4828-BF99-4E99032E8645}"
EndProject
Global
	GlobalSection(SolutionConfigurationPlatforms) = preSolution
		Debug|Any CPU = Debug|Any CPU
		Release|Any CPU = Release|Any CPU
	EndGlobalSection
	GlobalSection(ProjectConfigurationPlatforms) = postSolution
		{2754FF15-534C-4828-BF99-4E99032E8645}.Debug|Any CPU.ActiveCfg = Debug|Any CPU
		{2754FF15-534C-4828-BF99-4E99032E8645}.Debug|Any CPU.Build.0 = Debug|Any CPU
		{2754FF15-534C-4828-BF99-4E99032E8645}.Release|Any CPU.ActiveCfg = Release|Any CPU
		{2754FF15-534C-4828-BF99-4E99032E8645}.Release|Any CPU.Build.0 = Release|Any CPU
	EndGlobalSection
	GlobalSection(SolutionProperties) = preSolution
		HideSolutionNode = FALSE
	EndGlobalSection
	GlobalSection(ExtensibilityGlobals) = postSolution
		SolutionGuid = {CC17C6EF-82E7-4788-86D7-F8C5F5CAFED5}
	EndGlobalSection
EndGlobal
